PODS:
  - Capacitor (7.5.0):
    - CapacitorCordova
  - CapacitorCordova (7.5.0)
  - CapacitorStatusBar (7.0.5):
    - Capacitor

DEPENDENCIES:
  - "Capacitor (from `../../node_modules/@capacitor/ios`)"
  - "CapacitorCordova (from `../../node_modules/@capacitor/ios`)"
  - "CapacitorStatusBar (from `../../node_modules/@capacitor/status-bar`)"

EXTERNAL SOURCES:
  Capacitor:
    :path: "../../node_modules/@capacitor/ios"
  CapacitorCordova:
    :path: "../../node_modules/@capacitor/ios"
  CapacitorStatusBar:
    :path: "../../node_modules/@capacitor/status-bar"

SPEC CHECKSUMS:
  Capacitor: 0a78ec6b54580fa055c11744a4e83cd7942d98ca
  CapacitorCordova: ae35646a9b46cfd00d637f195509c86594026aad
  CapacitorStatusBar: 6de542f202c0dd3f9d0a73b240d4c9d3dddc49b4

PODFILE CHECKSUM: 2dda0cc353931d1c074294a0067df65453b878b5

COCOAPODS: 1.16.2
